# This file is autogenerated, do not edit; changes may be undone by the next 'dep ensure'.


[[projects]]
  branch = "master"
  digest = "1:6204a59b379aadf05380cf8cf3ae0f5867588ba028fe84f260312a79ae717272"
  name = "github.com/GeertJohan/go.rice"
  packages = [
    ".",
    "embedded",
  ]
  pruneopts = ""
  revision = "c02ca9a983da5807ddf7d796784928f5be4afd09"

[[projects]]
  branch = "master"
  digest = "1:8483994d21404c8a1d489f6be756e25bfccd3b45d65821f25695577791a08e68"
  name = "github.com/alecthomas/units"
  packages = ["."]
  pruneopts = ""
  revision = "2efee857e7cfd4f3d0138cc3cbb1b4966962b93a"

[[projects]]
  digest = "1:901119b39d36e3cb926ddc3585f481e0647ff2e44bff521995bd8bf9be9e9ca1"
  name = "github.com/asdine/storm"
  packages = [
    ".",
    "codec",
    "codec/json",
    "index",
    "internal",
    "q",
  ]
  pruneopts = ""
  revision = "a86fa5e09c9c50a06416b08fd9acd4839fb2d62e"
  version = "v2.1.0"

[[projects]]
  branch = "master"
  digest = "1:b626c1fe1e27130f4dcd1d4ce9a4c64ab1f905fc929ed5f1a3343ea32b9be2cb"
  name = "github.com/atotto/clipboard"
  packages = ["."]
  pruneopts = ""
  revision = "bc5958e1c8339112fc3347a89f3c482f416a69d3"

[[projects]]
  branch = "master"
  digest = "1:0faae5778f40187f1995baa872bc39cf6f20f5a6051e012c2847ce527f9640a5"
  name = "github.com/aybabtme/rgbterm"
  packages = ["."]
  pruneopts = ""
  revision = "cc83f3b3ce5911279513a46d6d3316d67bedaa54"

[[projects]]
  digest = "1:6150d0a72956eb2e50226e13ce59ef2a9636c0e8e1ac900d72f9b2097121cdf9"
  name = "github.com/coreos/bbolt"
  packages = ["."]
  pruneopts = ""
  revision = "583e8937c61f1af6513608ccc75c97b6abdf4ff9"
  version = "v1.3.0"

[[projects]]
  branch = "master"
  digest = "1:ee750d4751f9e324a10e873c12c76f9913f28b302fd751eeb2737c23845e70b0"
  name = "github.com/cswank/beep"
  packages = [
    ".",
    "effects",
    "flac",
    "speaker",
  ]
  pruneopts = ""
  revision = "7bb960101a4bdb18e46a1b479a31ca84299d583d"

[[projects]]
  branch = "master"
  digest = "1:5fd5c4d4282935b7a575299494f2c09e9d2cacded7815c83aff7c1602aff3154"
  name = "github.com/daaku/go.zipexe"
  packages = ["."]
  pruneopts = ""
  revision = "a5fe2436ffcb3236e175e5149162b41cd28bd27d"

[[projects]]
  branch = "master"
  digest = "1:8740a64d9290472d4abca76082358da59fea35fd12a8678edef9a862c4462f69"
  name = "github.com/faiface/beep"
  packages = ["."]
  pruneopts = ""
  revision = "4ec0906f41871d561558e3e0643f71fb8bf08885"

[[projects]]
  digest = "1:d7d69c103aba5ea229451115b28ca06d061e3861b2f44bcd0100cbc65659c4d9"
  name = "github.com/fatih/color"
  packages = ["."]
  pruneopts = ""
  revision = "507f6050b8568533fb3f5504de8e5205fa62a114"
  version = "v1.6.0"

[[projects]]
  digest = "1:b852d2b62be24e445fcdbad9ce3015b44c207815d631230dfce3f14e7803f5bf"
  name = "github.com/golang/protobuf"
  packages = [
    "proto",
    "ptypes",
    "ptypes/any",
    "ptypes/duration",
    "ptypes/timestamp",
  ]
  pruneopts = ""
  revision = "6c65a5562fc06764971b7c5d05c76c75e84bdbf7"
  version = "v1.3.2"

[[projects]]
  branch = "master"
  digest = "1:79ee9eb5af3fd0558b32ede04a354a485fbfaa97e10da8c1c805bb97a639478b"
  name = "github.com/gopherjs/gopherjs"
  packages = ["js"]
  pruneopts = ""
  revision = "3926a9f66452f7a8c8d9c0e4e3074383f9aff5cd"

[[projects]]
  digest = "1:dbbeb8ddb0be949954c8157ee8439c2adfd8dc1c9510eb44a6e58cb68c3dce28"
  name = "github.com/gorilla/context"
  packages = ["."]
  pruneopts = ""
  revision = "08b5f424b9271eedf6f9f0ce86cb9396ed337a42"
  version = "v1.1.1"

[[projects]]
  digest = "1:c2c8666b4836c81a1d247bdf21c6a6fc1ab586538ab56f74437c2e0df5c375e1"
  name = "github.com/gorilla/mux"
  packages = ["."]
  pruneopts = ""
  revision = "e3702bed27f0d39777b0b37b664b6280e8ef8fbf"
  version = "v1.6.2"

[[projects]]
  digest = "1:64d212c703a2b94054be0ce470303286b177ad260b2f89a307e3d1bb6c073ef6"
  name = "github.com/gorilla/websocket"
  packages = ["."]
  pruneopts = ""
  revision = "ea4d1f681babbce9545c9c5f3d5194a789c89f5b"
  version = "v1.2.0"

[[projects]]
  branch = "master"
  digest = "1:ee4b0185ea4b6d3b0736bd7ee7d3710dc237ee1facade74cb776f416b3d65459"
  name = "github.com/hajimehoshi/oto"
  packages = [
    ".",
    "internal/jni",
  ]
  pruneopts = ""
  revision = "e2f7012830c68205e59a6663c6e2398f6f778629"

[[projects]]
  digest = "1:fcd885875729166d23118793a80ca11b853d5dd7582574af6381e7f44d24a77c"
  name = "github.com/jroimartin/gocui"
  packages = ["."]
  pruneopts = ""
  revision = "4f518eddb04b8f73870836b6d1941e8aa3c06637"

[[projects]]
  branch = "master"
  digest = "1:2c5ad58492804c40bdaf5d92039b0cde8b5becd2b7feeb37d7d1cc36a8aa8dbe"
  name = "github.com/kardianos/osext"
  packages = ["."]
  pruneopts = ""
  revision = "ae77be60afb1dcacde03767a8c37337fad28ac14"

[[projects]]
  digest = "1:9ea83adf8e96d6304f394d40436f2eb44c1dc3250d223b74088cc253a6cd0a1c"
  name = "github.com/mattn/go-colorable"
  packages = ["."]
  pruneopts = ""
  revision = "167de6bfdfba052fa6b2d3664c8f5272e23c9072"
  version = "v0.0.9"

[[projects]]
  digest = "1:78229b46ddb7434f881390029bd1af7661294af31f6802e0e1bedaad4ab0af3c"
  name = "github.com/mattn/go-isatty"
  packages = ["."]
  pruneopts = ""
  revision = "0360b2af4f38e8d38c7fce2a9f4e702702d73a39"
  version = "v0.0.3"

[[projects]]
  digest = "1:81e673df85e765593a863f67cba4544cf40e8919590f04d67664940786c2b61a"
  name = "github.com/mattn/go-runewidth"
  packages = ["."]
  pruneopts = ""
  revision = "9e777a8366cce605130a531d2cd6363d07ad7317"
  version = "v0.0.2"

[[projects]]
  digest = "1:b82b011c3eda54b5a370a07fba07df164e07337e8d522236e5e62b5203e20d33"
  name = "github.com/mewkiz/flac"
  packages = [
    ".",
    "frame",
    "internal/bits",
    "internal/hashutil",
    "internal/hashutil/crc16",
    "internal/hashutil/crc8",
    "meta",
  ]
  pruneopts = ""
  revision = "5d94ee8c15da5a101247ef7a62aa174291454b8c"
  version = "v1.0.5"

[[projects]]
  branch = "master"
  digest = "1:fbcf48e16b3508d92183919e50988fc65b59637027b094825b767f92ba638373"
  name = "github.com/nsf/termbox-go"
  packages = ["."]
  pruneopts = ""
  revision = "88b7b944be8bc8d8ec6195fca97c5869ba20f99d"

[[projects]]
  digest = "1:7365acd48986e205ccb8652cc746f09c8b7876030d53710ea6ef7d0bd0dcd7ca"
  name = "github.com/pkg/errors"
  packages = ["."]
  pruneopts = ""
  revision = "645ef00459ed84a119197bfb8d8205042c6df63d"
  version = "v0.8.0"

[[projects]]
  branch = "master"
  digest = "1:58977d25cdcfe647173e2282e77f88797750d8124ad7417174afcaea301d4a6a"
  name = "golang.org/x/net"
  packages = [
    "context",
    "http2",
    "http2/hpack",
    "idna",
    "internal/timeseries",
    "lex/httplex",
    "trace",
  ]
  pruneopts = ""
  revision = "6078986fec03a1dcc236c34816c71b0e05018fda"

[[projects]]
  branch = "master"
  digest = "1:407b5f905024dd94ee08c1777fabb380fb3d380f92a7f7df2592be005337eeb3"
  name = "golang.org/x/sys"
  packages = ["unix"]
  pruneopts = ""
  revision = "37707fdb30a5b38865cfb95e5aab41707daec7fd"

[[projects]]
  digest = "1:5acd3512b047305d49e8763eef7ba423901e85d5dd2fd1e71778a0ea8de10bd4"
  name = "golang.org/x/text"
  packages = [
    "collate",
    "collate/build",
    "internal/colltab",
    "internal/gen",
    "internal/tag",
    "internal/triegen",
    "internal/ucd",
    "language",
    "secure/bidirule",
    "transform",
    "unicode/bidi",
    "unicode/cldr",
    "unicode/norm",
    "unicode/rangetable",
  ]
  pruneopts = ""
  revision = "f21a4dfb5e38f5895301dc265a8def02365cc3d0"
  version = "v0.3.0"

[[projects]]
  branch = "master"
  digest = "1:0d70fbf25cc43921dd2135972a6331bad73cb510251e9f001ea9218707bed999"
  name = "google.golang.org/genproto"
  packages = ["googleapis/rpc/status"]
  pruneopts = ""
  revision = "f8c8703595236ae70fdf8789ecb656ea0bcdcf46"

[[projects]]
  digest = "1:d2dc833c73202298c92b63a7e180e2b007b5a3c3c763e3b9fe1da249b5c7f5b9"
  name = "google.golang.org/grpc"
  packages = [
    ".",
    "balancer",
    "balancer/base",
    "balancer/roundrobin",
    "codes",
    "connectivity",
    "credentials",
    "encoding",
    "encoding/proto",
    "grpclb/grpc_lb_v1/messages",
    "grpclog",
    "internal",
    "keepalive",
    "metadata",
    "naming",
    "peer",
    "resolver",
    "resolver/dns",
    "resolver/passthrough",
    "stats",
    "status",
    "tap",
    "transport",
  ]
  pruneopts = ""
  revision = "8e4536a86ab602859c20df5ebfd0bd4228d08655"
  version = "v1.10.0"

[[projects]]
  digest = "1:4ce9a3b9109fd143959733648176ecafca5c44b9d3a68ca9bc49a5ff1940a19f"
  name = "gopkg.in/alecthomas/kingpin.v1"
  packages = ["."]
  pruneopts = ""
  revision = "45f9714aa86a9624491adeaab1e9df1baf84dd38"
  version = "v1.3.7"

[solve-meta]
  analyzer-name = "dep"
  analyzer-version = 1
  input-imports = [
    "github.com/GeertJohan/go.rice",
    "github.com/asdine/storm",
    "github.com/atotto/clipboard",
    "github.com/aybabtme/rgbterm",
    "github.com/cswank/beep",
    "github.com/cswank/beep/effects",
    "github.com/cswank/beep/flac",
    "github.com/cswank/beep/speaker",
    "github.com/fatih/color",
    "github.com/golang/protobuf/proto",
    "github.com/gorilla/mux",
    "github.com/gorilla/websocket",
    "github.com/jroimartin/gocui",
    "golang.org/x/net/context",
    "google.golang.org/grpc",
    "google.golang.org/grpc/codes",
    "google.golang.org/grpc/status",
    "gopkg.in/alecthomas/kingpin.v1",
  ]
  solver-name = "gps-cdcl"
  solver-version = 1
